
Microsoft Visual Studio Solution File, Format Version 12.00
# Visual Studio Version 17
VisualStudioVersion = 17.9.34616.47
MinimumVisualStudioVersion = 10.0.40219.1
Project("{FAE04EC0-301F-11D3-BF4B-00C04F79EFBC}") = "Eloadasok_KPB", "Eloadasok_KPB\Eloadasok_KPB.csproj", "{769FB349-FC36-49B4-A8D9-7A24AAF18A19}"
EndProject
Project("{FAE04EC0-301F-11D3-BF4B-00C04F79EFBC}") = "Eloadasok_Lib", "Eloadasok_Lib\Eloadasok_Lib.csproj", "{C7432167-A647-4713-BE0A-7CF04885A246}"
EndProject
Global
	GlobalSection(SolutionConfigurationPlatforms) = preSolution
		Debug|Any CPU = Debug|Any CPU
		Release|Any CPU = Release|Any CPU
	EndGlobalSection
	GlobalSection(ProjectConfigurationPlatforms) = postSolution
		{769FB349-FC36-49B4-A8D9-7A24AAF18A19}.Debug|Any CPU.ActiveCfg = Debug|Any CPU
		{769FB349-FC36-49B4-A8D9-7A24AAF18A19}.Debug|Any CPU.Build.0 = Debug|Any CPU
		{769FB349-FC36-49B4-A8D9-7A24AAF18A19}.Release|Any CPU.ActiveCfg = Release|Any CPU
		{769FB349-FC36-49B4-A8D9-7A24AAF18A19}.Release|Any CPU.Build.0 = Release|Any CPU
		{C7432167-A647-4713-BE0A-7CF04885A246}.Debug|Any CPU.ActiveCfg = Debug|Any CPU
		{C7432167-A647-4713-BE0A-7CF04885A246}.Debug|Any CPU.Build.0 = Debug|Any CPU
		{C7432167-A647-4713-BE0A-7CF04885A246}.Release|Any CPU.ActiveCfg = Release|Any CPU
		{C7432167-A647-4713-BE0A-7CF04885A246}.Release|Any CPU.Build.0 = Release|Any CPU
	EndGlobalSection
	GlobalSection(SolutionProperties) = preSolution
		HideSolutionNode = FALSE
	EndGlobalSection
	GlobalSection(ExtensibilityGlobals) = postSolution
		SolutionGuid = {879B1A37-3CBA-4B0F-9D72-F57EB7E07103}
	EndGlobalSection
EndGlobal
